
Microsoft Visual Studio Solution File, Format Version 12.00
# Visual Studio Version 16
VisualStudioVersion = 16.0.31129.286
MinimumVisualStudioVersion = 10.0.40219.1
Project("{FAE04EC0-301F-11D3-BF4B-00C04F79EFBC}") = "Poker_WF", "Poker_WF\Poker_WF.csproj", "{5530D3EC-18F0-4952-8C19-BE52D11E0A96}"
EndProject
Project("{FAE04EC0-301F-11D3-BF4B-00C04F79EFBC}") = "GraphicPoker_Model", "..\..\Models\GraphicPoker_Model\GraphicPoker_Model\GraphicPoker_Model.csproj", "{6E9B91AC-6CDE-411E-9B7D-38EF366F98B4}"
EndProject
Project("{FAE04EC0-301F-11D3-BF4B-00C04F79EFBC}") = "Poker_Model", "..\..\Models\Poker_Model\Poker_Model\Poker_Model.csproj", "{3EC25E69-DB51-43B6-865C-25A4BC55587D}"
EndProject
Global
	GlobalSection(SolutionConfigurationPlatforms) = preSolution
		Debug|Any CPU = Debug|Any CPU
		Release|Any CPU = Release|Any CPU
	EndGlobalSection
	GlobalSection(ProjectConfigurationPlatforms) = postSolution
		{5530D3EC-18F0-4952-8C19-BE52D11E0A96}.Debug|Any CPU.ActiveCfg = Debug|Any CPU
		{5530D3EC-18F0-4952-8C19-BE52D11E0A96}.Debug|Any CPU.Build.0 = Debug|Any CPU
		{5530D3EC-18F0-4952-8C19-BE52D11E0A96}.Release|Any CPU.ActiveCfg = Release|Any CPU
		{5530D3EC-18F0-4952-8C19-BE52D11E0A96}.Release|Any CPU.Build.0 = Release|Any CPU
		{6E9B91AC-6CDE-411E-9B7D-38EF366F98B4}.Debug|Any CPU.ActiveCfg = Debug|Any CPU
		{6E9B91AC-6CDE-411E-9B7D-38EF366F98B4}.Debug|Any CPU.Build.0 = Debug|Any CPU
		{6E9B91AC-6CDE-411E-9B7D-38EF366F98B4}.Release|Any CPU.ActiveCfg = Release|Any CPU
		{6E9B91AC-6CDE-411E-9B7D-38EF366F98B4}.Release|Any CPU.Build.0 = Release|Any CPU
		{3EC25E69-DB51-43B6-865C-25A4BC55587D}.Debug|Any CPU.ActiveCfg = Debug|Any CPU
		{3EC25E69-DB51-43B6-865C-25A4BC55587D}.Debug|Any CPU.Build.0 = Debug|Any CPU
		{3EC25E69-DB51-43B6-865C-25A4BC55587D}.Release|Any CPU.ActiveCfg = Release|Any CPU
		{3EC25E69-DB51-43B6-865C-25A4BC55587D}.Release|Any CPU.Build.0 = Release|Any CPU
	EndGlobalSection
	GlobalSection(SolutionProperties) = preSolution
		HideSolutionNode = FALSE
	EndGlobalSection
	GlobalSection(ExtensibilityGlobals) = postSolution
		SolutionGuid = {DC857057-CDD0-4408-933C-214714B4EA24}
	EndGlobalSection
EndGlobal
